
Microsoft Visual Studio Solution File, Format Version 12.00
# Visual Studio Version 17
VisualStudioVersion = 17.9.34701.34
MinimumVisualStudioVersion = 10.0.40219.1
Project("{8BC9CEB8-8B4A-11D0-8D11-00A0C91BC942}") = "Lab03_Bai1D", "Lab03_Bai1D\Lab03_Bai1D.vcxproj", "{A3FB7C02-708C-4B6E-AA2C-632AB1F2221A}"
EndProject
Project("{8BC9CEB8-8B4A-11D0-8D11-00A0C91BC942}") = "Lab03_Bai2D", "Lab03_Bai2D\Lab03_Bai2D.vcxproj", "{B05A6DC8-2FEE-41AC-9773-A9B71B3BEA45}"
EndProject
Project("{8BC9CEB8-8B4A-11D0-8D11-00A0C91BC942}") = "Lab03_Bai3D", "Lab03_Bai3D\Lab03_Bai3D.vcxproj", "{CF543BC7-A0B4-4237-90B6-F4CCC3955E2D}"
EndProject
Project("{8BC9CEB8-8B4A-11D0-8D11-00A0C91BC942}") = "Lab03_Bai1E", "Lab03_Bai1E\Lab03_Bai1E.vcxproj", "{A02CC781-45F2-4298-8321-EB051AEEBC85}"
EndProject
Global
	GlobalSection(SolutionConfigurationPlatforms) = preSolution
		Debug|ARM64 = Debug|ARM64
		Debug|x64 = Debug|x64
		Debug|x86 = Debug|x86
		Release|ARM64 = Release|ARM64
		Release|x64 = Release|x64
		Release|x86 = Release|x86
	EndGlobalSection
	GlobalSection(ProjectConfigurationPlatforms) = postSolution
		{A3FB7C02-708C-4B6E-AA2C-632AB1F2221A}.Debug|ARM64.ActiveCfg = Debug|ARM64
		{A3FB7C02-708C-4B6E-AA2C-632AB1F2221A}.Debug|ARM64.Build.0 = Debug|ARM64
		{A3FB7C02-708C-4B6E-AA2C-632AB1F2221A}.Debug|x64.ActiveCfg = Debug|x64
		{A3FB7C02-708C-4B6E-AA2C-632AB1F2221A}.Debug|x64.Build.0 = Debug|x64
		{A3FB7C02-708C-4B6E-AA2C-632AB1F2221A}.Debug|x86.ActiveCfg = Debug|Win32
		{A3FB7C02-708C-4B6E-AA2C-632AB1F2221A}.Debug|x86.Build.0 = Debug|Win32
		{A3FB7C02-708C-4B6E-AA2C-632AB1F2221A}.Release|ARM64.ActiveCfg = Release|ARM64
		{A3FB7C02-708C-4B6E-AA2C-632AB1F2221A}.Release|ARM64.Build.0 = Release|ARM64
		{A3FB7C02-708C-4B6E-AA2C-632AB1F2221A}.Release|x64.ActiveCfg = Release|x64
		{A3FB7C02-708C-4B6E-AA2C-632AB1F2221A}.Release|x64.Build.0 = Release|x64
		{A3FB7C02-708C-4B6E-AA2C-632AB1F2221A}.Release|x86.ActiveCfg = Release|Win32
		{A3FB7C02-708C-4B6E-AA2C-632AB1F2221A}.Release|x86.Build.0 = Release|Win32
		{B05A6DC8-2FEE-41AC-9773-A9B71B3BEA45}.Debug|ARM64.ActiveCfg = Debug|ARM64
		{B05A6DC8-2FEE-41AC-9773-A9B71B3BEA45}.Debug|ARM64.Build.0 = Debug|ARM64
		{B05A6DC8-2FEE-41AC-9773-A9B71B3BEA45}.Debug|x64.ActiveCfg = Debug|x64
		{B05A6DC8-2FEE-41AC-9773-A9B71B3BEA45}.Debug|x64.Build.0 = Debug|x64
		{B05A6DC8-2FEE-41AC-9773-A9B71B3BEA45}.Debug|x86.ActiveCfg = Debug|Win32
		{B05A6DC8-2FEE-41AC-9773-A9B71B3BEA45}.Debug|x86.Build.0 = Debug|Win32
		{B05A6DC8-2FEE-41AC-9773-A9B71B3BEA45}.Release|ARM64.ActiveCfg = Release|ARM64
		{B05A6DC8-2FEE-41AC-9773-A9B71B3BEA45}.Release|ARM64.Build.0 = Release|ARM64
		{B05A6DC8-2FEE-41AC-9773-A9B71B3BEA45}.Release|x64.ActiveCfg = Release|x64
		{B05A6DC8-2FEE-41AC-9773-A9B71B3BEA45}.Release|x64.Build.0 = Release|x64
		{B05A6DC8-2FEE-41AC-9773-A9B71B3BEA45}.Release|x86.ActiveCfg = Release|Win32
		{B05A6DC8-2FEE-41AC-9773-A9B71B3BEA45}.Release|x86.Build.0 = Release|Win32
		{CF543BC7-A0B4-4237-90B6-F4CCC3955E2D}.Debug|ARM64.ActiveCfg = Debug|ARM64
		{CF543BC7-A0B4-4237-90B6-F4CCC3955E2D}.Debug|ARM64.Build.0 = Debug|ARM64
		{CF543BC7-A0B4-4237-90B6-F4CCC3955E2D}.Debug|x64.ActiveCfg = Debug|x64
		{CF543BC7-A0B4-4237-90B6-F4CCC3955E2D}.Debug|x64.Build.0 = Debug|x64
		{CF543BC7-A0B4-4237-90B6-F4CCC3955E2D}.Debug|x86.ActiveCfg = Debug|Win32
		{CF543BC7-A0B4-4237-90B6-F4CCC3955E2D}.Debug|x86.Build.0 = Debug|Win32
		{CF543BC7-A0B4-4237-90B6-F4CCC3955E2D}.Release|ARM64.ActiveCfg = Release|ARM64
		{CF543BC7-A0B4-4237-90B6-F4CCC3955E2D}.Release|ARM64.Build.0 = Release|ARM64
		{CF543BC7-A0B4-4237-90B6-F4CCC3955E2D}.Release|x64.ActiveCfg = Release|x64
		{CF543BC7-A0B4-4237-90B6-F4CCC3955E2D}.Release|x64.Build.0 = Release|x64
		{CF543BC7-A0B4-4237-90B6-F4CCC3955E2D}.Release|x86.ActiveCfg = Release|Win32
		{CF543BC7-A0B4-4237-90B6-F4CCC3955E2D}.Release|x86.Build.0 = Release|Win32
		{A02CC781-45F2-4298-8321-EB051AEEBC85}.Debug|ARM64.ActiveCfg = Debug|ARM64
		{A02CC781-45F2-4298-8321-EB051AEEBC85}.Debug|ARM64.Build.0 = Debug|ARM64
		{A02CC781-45F2-4298-8321-EB051AEEBC85}.Debug|x64.ActiveCfg = Debug|x64
		{A02CC781-45F2-4298-8321-EB051AEEBC85}.Debug|x64.Build.0 = Debug|x64
		{A02CC781-45F2-4298-8321-EB051AEEBC85}.Debug|x86.ActiveCfg = Debug|Win32
		{A02CC781-45F2-4298-8321-EB051AEEBC85}.Debug|x86.Build.0 = Debug|Win32
		{A02CC781-45F2-4298-8321-EB051AEEBC85}.Release|ARM64.ActiveCfg = Release|ARM64
		{A02CC781-45F2-4298-8321-EB051AEEBC85}.Release|ARM64.Build.0 = Release|ARM64
		{A02CC781-45F2-4298-8321-EB051AEEBC85}.Release|x64.ActiveCfg = Release|x64
		{A02CC781-45F2-4298-8321-EB051AEEBC85}.Release|x64.Build.0 = Release|x64
		{A02CC781-45F2-4298-8321-EB051AEEBC85}.Release|x86.ActiveCfg = Release|Win32
		{A02CC781-45F2-4298-8321-EB051AEEBC85}.Release|x86.Build.0 = Release|Win32
	EndGlobalSection
	GlobalSection(SolutionProperties) = preSolution
		HideSolutionNode = FALSE
	EndGlobalSection
	GlobalSection(ExtensibilityGlobals) = postSolution
		SolutionGuid = {7FEBC7FE-5576-4C0A-91C8-743306580667}
	EndGlobalSection
EndGlobal
